// !$*UTF8*$!
{
	archiveVersion = 1;
	classes = {
	};
	objectVersion = 56;
	objects = {

/* Begin PBXBuildFile section */
		EABB39E929BC8ABF0085239C /* WCWeb3.docc in Sources */ = {isa = PBXBuildFile; fileRef = EABB39E829BC8ABF0085239C /* WCWeb3.docc */; };
		EABB39EF29BC8ABF0085239C /* WCWeb3.framework in Frameworks */ = {isa = PBXBuildFile; fileRef = EABB39E429BC8ABF0085239C /* WCWeb3.framework */; };
		EABB39F429BC8ABF0085239C /* WCWeb3Tests.swift in Sources */ = {isa = PBXBuildFile; fileRef = EABB39F329BC8ABF0085239C /* WCWeb3Tests.swift */; };
		EABB39F529BC8ABF0085239C /* WCWeb3.h in Headers */ = {isa = PBXBuildFile; fileRef = EABB39E729BC8ABF0085239C /* WCWeb3.h */; settings = {ATTRIBUTES = (Public, ); }; };
		EABB3A4D29BC8AD90085239C /* Web3+PromiseKit.swift in Sources */ = {isa = PBXBuildFile; fileRef = EABB3A0029BC8AD80085239C /* Web3+PromiseKit.swift */; };
		EABB3A4E29BC8AD90085239C /* Exports+PromiseKit.swift in Sources */ = {isa = PBXBuildFile; fileRef = EABB3A0129BC8AD80085239C /* Exports+PromiseKit.swift */; };
		EABB3A4F29BC8AD90085239C /* Promisable.swift in Sources */ = {isa = PBXBuildFile; fileRef = EABB3A0229BC8AD80085239C /* Promisable.swift */; };
		EABB3A5029BC8AD90085239C /* EthereumPublicKey.swift in Sources */ = {isa = PBXBuildFile; fileRef = EABB3A0529BC8AD80085239C /* EthereumPublicKey.swift */; };
		EABB3A5129BC8AD90085239C /* EthereumAddress.swift in Sources */ = {isa = PBXBuildFile; fileRef = EABB3A0629BC8AD80085239C /* EthereumAddress.swift */; };
		EABB3A5229BC8AD90085239C /* EthereumPrivateKey.swift in Sources */ = {isa = PBXBuildFile; fileRef = EABB3A0729BC8AD80085239C /* EthereumPrivateKey.swift */; };
		EABB3A5329BC8AD90085239C /* EthereumTransaction.swift in Sources */ = {isa = PBXBuildFile; fileRef = EABB3A0829BC8AD80085239C /* EthereumTransaction.swift */; };
		EABB3A5429BC8AD90085239C /* Web3Provider.swift in Sources */ = {isa = PBXBuildFile; fileRef = EABB3A0A29BC8AD80085239C /* Web3Provider.swift */; };
		EABB3A5529BC8AD90085239C /* Web3.swift in Sources */ = {isa = PBXBuildFile; fileRef = EABB3A0C29BC8AD80085239C /* Web3.swift */; };
		EABB3A5629BC8AD90085239C /* RLPItem.swift in Sources */ = {isa = PBXBuildFile; fileRef = EABB3A0E29BC8AD80085239C /* RLPItem.swift */; };
		EABB3A5729BC8AD90085239C /* RLPEncoder.swift in Sources */ = {isa = PBXBuildFile; fileRef = EABB3A0F29BC8AD80085239C /* RLPEncoder.swift */; };
		EABB3A5829BC8AD90085239C /* RLPItemConvertible.swift in Sources */ = {isa = PBXBuildFile; fileRef = EABB3A1029BC8AD80085239C /* RLPItemConvertible.swift */; };
		EABB3A5929BC8AD90085239C /* RLPDecoder.swift in Sources */ = {isa = PBXBuildFile; fileRef = EABB3A1129BC8AD80085239C /* RLPDecoder.swift */; };
		EABB3A5A29BC8AD90085239C /* Types+RLPItemConvertible.swift in Sources */ = {isa = PBXBuildFile; fileRef = EABB3A1229BC8AD80085239C /* Types+RLPItemConvertible.swift */; };
		EABB3A5B29BC8AD90085239C /* EthereumBlockObject.swift in Sources */ = {isa = PBXBuildFile; fileRef = EABB3A1429BC8AD80085239C /* EthereumBlockObject.swift */; };
		EABB3A5C29BC8AD90085239C /* EthereumTransactionReceiptObject.swift in Sources */ = {isa = PBXBuildFile; fileRef = EABB3A1529BC8AD80085239C /* EthereumTransactionReceiptObject.swift */; };
		EABB3A5D29BC8AD90085239C /* EthereumData.swift in Sources */ = {isa = PBXBuildFile; fileRef = EABB3A1629BC8AD80085239C /* EthereumData.swift */; };
		EABB3A5E29BC8AD90085239C /* RPCRequest.swift in Sources */ = {isa = PBXBuildFile; fileRef = EABB3A1729BC8AD80085239C /* RPCRequest.swift */; };
		EABB3A5F29BC8AD90085239C /* EthereumSyncStatusObject.swift in Sources */ = {isa = PBXBuildFile; fileRef = EABB3A1829BC8AD80085239C /* EthereumSyncStatusObject.swift */; };
		EABB3A6029BC8AD90085239C /* EthereumValueConvertible.swift in Sources */ = {isa = PBXBuildFile; fileRef = EABB3A1929BC8AD80085239C /* EthereumValueConvertible.swift */; };
		EABB3A6129BC8AD90085239C /* EthereumQuantity.swift in Sources */ = {isa = PBXBuildFile; fileRef = EABB3A1A29BC8AD80085239C /* EthereumQuantity.swift */; };
		EABB3A6229BC8AD90085239C /* EthereumTransactionObject.swift in Sources */ = {isa = PBXBuildFile; fileRef = EABB3A1B29BC8AD80085239C /* EthereumTransactionObject.swift */; };
		EABB3A6329BC8AD90085239C /* EthereumValue.swift in Sources */ = {isa = PBXBuildFile; fileRef = EABB3A1C29BC8AD80085239C /* EthereumValue.swift */; };
		EABB3A6429BC8AD90085239C /* RPCResponse.swift in Sources */ = {isa = PBXBuildFile; fileRef = EABB3A1D29BC8AD80085239C /* RPCResponse.swift */; };
		EABB3A6529BC8AD90085239C /* EthereumCall.swift in Sources */ = {isa = PBXBuildFile; fileRef = EABB3A1E29BC8AD80085239C /* EthereumCall.swift */; };
		EABB3A6629BC8AD90085239C /* EthereumQuantityTag.swift in Sources */ = {isa = PBXBuildFile; fileRef = EABB3A1F29BC8AD80085239C /* EthereumQuantityTag.swift */; };
		EABB3A6729BC8AD90085239C /* Types+EthereumValueConvertible.swift in Sources */ = {isa = PBXBuildFile; fileRef = EABB3A2029BC8AD80085239C /* Types+EthereumValueConvertible.swift */; };
		EABB3A6829BC8AD90085239C /* EthereumLogObject.swift in Sources */ = {isa = PBXBuildFile; fileRef = EABB3A2129BC8AD80085239C /* EthereumLogObject.swift */; };
		EABB3A6929BC8AD90085239C /* String+BytesConvertible.swift in Sources */ = {isa = PBXBuildFile; fileRef = EABB3A2329BC8AD80085239C /* String+BytesConvertible.swift */; };
		EABB3A6A29BC8AD90085239C /* Bytes+HexString.swift in Sources */ = {isa = PBXBuildFile; fileRef = EABB3A2429BC8AD80085239C /* Bytes+HexString.swift */; };
		EABB3A6B29BC8AD90085239C /* UInt+BytesRepresentable.swift in Sources */ = {isa = PBXBuildFile; fileRef = EABB3A2529BC8AD80085239C /* UInt+BytesRepresentable.swift */; };
		EABB3A6C29BC8AD90085239C /* Bytes+TrimLeadingZeros.swift in Sources */ = {isa = PBXBuildFile; fileRef = EABB3A2629BC8AD80085239C /* Bytes+TrimLeadingZeros.swift */; };
		EABB3A6D29BC8AD90085239C /* Bytes+SecureRandom.swift in Sources */ = {isa = PBXBuildFile; fileRef = EABB3A2729BC8AD80085239C /* Bytes+SecureRandom.swift */; };
		EABB3A6E29BC8AD90085239C /* String+HexBytes.swift in Sources */ = {isa = PBXBuildFile; fileRef = EABB3A2829BC8AD80085239C /* String+HexBytes.swift */; };
		EABB3A6F29BC8AD90085239C /* BytesConvertible.swift in Sources */ = {isa = PBXBuildFile; fileRef = EABB3A2929BC8AD80085239C /* BytesConvertible.swift */; };
		EABB3A7029BC8AD90085239C /* String+Conversion.swift in Sources */ = {isa = PBXBuildFile; fileRef = EABB3A2A29BC8AD80085239C /* String+Conversion.swift */; };
		EABB3A7129BC8AD90085239C /* Data+BytesConvertible.swift in Sources */ = {isa = PBXBuildFile; fileRef = EABB3A2B29BC8AD80085239C /* Data+BytesConvertible.swift */; };
		EABB3A7229BC8AD90085239C /* CharacterSet+Hex.swift in Sources */ = {isa = PBXBuildFile; fileRef = EABB3A2C29BC8AD80085239C /* CharacterSet+Hex.swift */; };
		EABB3A7329BC8AD90085239C /* BigUInt+BytesConvertible.swift in Sources */ = {isa = PBXBuildFile; fileRef = EABB3A2D29BC8AD80085239C /* BigUInt+BytesConvertible.swift */; };
		EABB3A7429BC8AD90085239C /* Bytes+UInt.swift in Sources */ = {isa = PBXBuildFile; fileRef = EABB3A2E29BC8AD80085239C /* Bytes+UInt.swift */; };
		EABB3A7529BC8AD90085239C /* Exports+Web3.swift in Sources */ = {isa = PBXBuildFile; fileRef = EABB3A2F29BC8AD80085239C /* Exports+Web3.swift */; };
		EABB3A7629BC8AD90085239C /* Int+ETH.swift in Sources */ = {isa = PBXBuildFile; fileRef = EABB3A3029BC8AD80085239C /* Int+ETH.swift */; };
		EABB3A7729BC8AD90085239C /* UnsignedInteger+BytesConvertible.swift in Sources */ = {isa = PBXBuildFile; fileRef = EABB3A3129BC8AD80085239C /* UnsignedInteger+BytesConvertible.swift */; };
		EABB3A7829BC8AD90085239C /* Secp256k1+CTXCreator.swift in Sources */ = {isa = PBXBuildFile; fileRef = EABB3A3229BC8AD80085239C /* Secp256k1+CTXCreator.swift */; };
		EABB3A7929BC8AD90085239C /* UnsignedInteger+Shifting.swift in Sources */ = {isa = PBXBuildFile; fileRef = EABB3A3329BC8AD80085239C /* UnsignedInteger+Shifting.swift */; };
		EABB3A7A29BC8AD90085239C /* Eth+Contract.swift in Sources */ = {isa = PBXBuildFile; fileRef = EABB3A3629BC8AD80085239C /* Eth+Contract.swift */; };
		EABB3A7B29BC8AD90085239C /* SolidityEvent.swift in Sources */ = {isa = PBXBuildFile; fileRef = EABB3A3729BC8AD80085239C /* SolidityEvent.swift */; };
		EABB3A7C29BC8AD90085239C /* ABIObject.swift in Sources */ = {isa = PBXBuildFile; fileRef = EABB3A3829BC8AD80085239C /* ABIObject.swift */; };
		EABB3A7D29BC8AD90085239C /* ERC20.swift in Sources */ = {isa = PBXBuildFile; fileRef = EABB3A3929BC8AD80085239C /* ERC20.swift */; };
		EABB3A7E29BC8AD90085239C /* ERC721.swift in Sources */ = {isa = PBXBuildFile; fileRef = EABB3A3A29BC8AD80085239C /* ERC721.swift */; };
		EABB3A7F29BC8AD90085239C /* ERC165.swift in Sources */ = {isa = PBXBuildFile; fileRef = EABB3A3B29BC8AD80085239C /* ERC165.swift */; };
		EABB3A8029BC8AD90085239C /* ContractPromiseExtensions.swift in Sources */ = {isa = PBXBuildFile; fileRef = EABB3A3C29BC8AD80085239C /* ContractPromiseExtensions.swift */; };
		EABB3A8129BC8AD90085239C /* SolidityFunction.swift in Sources */ = {isa = PBXBuildFile; fileRef = EABB3A3D29BC8AD80085239C /* SolidityFunction.swift */; };
		EABB3A8229BC8AD90085239C /* EthereumContract.swift in Sources */ = {isa = PBXBuildFile; fileRef = EABB3A3E29BC8AD80085239C /* EthereumContract.swift */; };
		EABB3A8329BC8AD90085239C /* SolidityInvocation.swift in Sources */ = {isa = PBXBuildFile; fileRef = EABB3A3F29BC8AD80085239C /* SolidityInvocation.swift */; };
		EABB3A8429BC8AD90085239C /* Eth+ABI.swift in Sources */ = {isa = PBXBuildFile; fileRef = EABB3A4129BC8AD80085239C /* Eth+ABI.swift */; };
		EABB3A8529BC8AD90085239C /* ABIEncoder.swift in Sources */ = {isa = PBXBuildFile; fileRef = EABB3A4229BC8AD80085239C /* ABIEncoder.swift */; };
		EABB3A8629BC8AD90085239C /* ABIDecoder.swift in Sources */ = {isa = PBXBuildFile; fileRef = EABB3A4329BC8AD80085239C /* ABIDecoder.swift */; };
		EABB3A8729BC8AD90085239C /* SolidityType.swift in Sources */ = {isa = PBXBuildFile; fileRef = EABB3A4429BC8AD80085239C /* SolidityType.swift */; };
		EABB3A8829BC8AD90085239C /* SolidityType+Codable.swift in Sources */ = {isa = PBXBuildFile; fileRef = EABB3A4529BC8AD80085239C /* SolidityType+Codable.swift */; };
		EABB3A8929BC8AD90085239C /* SolidityWrappedValue.swift in Sources */ = {isa = PBXBuildFile; fileRef = EABB3A4629BC8AD80085239C /* SolidityWrappedValue.swift */; };
		EABB3A8A29BC8AD90085239C /* ABI.swift in Sources */ = {isa = PBXBuildFile; fileRef = EABB3A4729BC8AD80085239C /* ABI.swift */; };
		EABB3A8B29BC8AD90085239C /* SolidityTuple.swift in Sources */ = {isa = PBXBuildFile; fileRef = EABB3A4829BC8AD80085239C /* SolidityTuple.swift */; };
		EABB3A8C29BC8AD90085239C /* ABIConvertible.swift in Sources */ = {isa = PBXBuildFile; fileRef = EABB3A4929BC8AD80085239C /* ABIConvertible.swift */; };
		EABB3A8D29BC8AD90085239C /* Web3+HTTPInitializer.swift in Sources */ = {isa = PBXBuildFile; fileRef = EABB3A4B29BC8AD80085239C /* Web3+HTTPInitializer.swift */; };
		EABB3A8E29BC8AD90085239C /* Web3HttpProvider.swift in Sources */ = {isa = PBXBuildFile; fileRef = EABB3A4C29BC8AD80085239C /* Web3HttpProvider.swift */; };
		EABB3A9129BC8AF60085239C /* BigInt in Frameworks */ = {isa = PBXBuildFile; productRef = EABB3A9029BC8AF60085239C /* BigInt */; };
		EABB3A9429BC8B080085239C /* CryptoSwift in Frameworks */ = {isa = PBXBuildFile; productRef = EABB3A9329BC8B080085239C /* CryptoSwift */; };
		EABB3A9729BC8B1C0085239C /* secp256k1 in Frameworks */ = {isa = PBXBuildFile; productRef = EABB3A9629BC8B1C0085239C /* secp256k1 */; };
		EABB3A9A29BC8B4F0085239C /* PromiseKit in Frameworks */ = {isa = PBXBuildFile; productRef = EABB3A9929BC8B4F0085239C /* PromiseKit */; };
/* End PBXBuildFile section */

/* Begin PBXContainerItemProxy section */
		EABB39F029BC8ABF0085239C /* PBXContainerItemProxy */ = {
			isa = PBXContainerItemProxy;
			containerPortal = EABB39DB29BC8ABF0085239C /* Project object */;
			proxyType = 1;
			remoteGlobalIDString = EABB39E329BC8ABF0085239C;
			remoteInfo = WCWeb3;
		};
/* End PBXContainerItemProxy section */

/* Begin PBXFileReference section */
		EABB39E429BC8ABF0085239C /* WCWeb3.framework */ = {isa = PBXFileReference; explicitFileType = wrapper.framework; includeInIndex = 0; path = WCWeb3.framework; sourceTree = BUILT_PRODUCTS_DIR; };
		EABB39E729BC8ABF0085239C /* WCWeb3.h */ = {isa = PBXFileReference; lastKnownFileType = sourcecode.c.h; path = WCWeb3.h; sourceTree = "<group>"; };
		EABB39E829BC8ABF0085239C /* WCWeb3.docc */ = {isa = PBXFileReference; lastKnownFileType = folder.documentationcatalog; path = WCWeb3.docc; sourceTree = "<group>"; };
		EABB39EE29BC8ABF0085239C /* WCWeb3Tests.xctest */ = {isa = PBXFileReference; explicitFileType = wrapper.cfbundle; includeInIndex = 0; path = WCWeb3Tests.xctest; sourceTree = BUILT_PRODUCTS_DIR; };
		EABB39F329BC8ABF0085239C /* WCWeb3Tests.swift */ = {isa = PBXFileReference; lastKnownFileType = sourcecode.swift; path = WCWeb3Tests.swift; sourceTree = "<group>"; };
		EABB3A0029BC8AD80085239C /* Web3+PromiseKit.swift */ = {isa = PBXFileReference; fileEncoding = 4; lastKnownFileType = sourcecode.swift; path = "Web3+PromiseKit.swift"; sourceTree = "<group>"; };
		EABB3A0129BC8AD80085239C /* Exports+PromiseKit.swift */ = {isa = PBXFileReference; fileEncoding = 4; lastKnownFileType = sourcecode.swift; path = "Exports+PromiseKit.swift"; sourceTree = "<group>"; };
		EABB3A0229BC8AD80085239C /* Promisable.swift */ = {isa = PBXFileReference; fileEncoding = 4; lastKnownFileType = sourcecode.swift; path = Promisable.swift; sourceTree = "<group>"; };
		EABB3A0529BC8AD80085239C /* EthereumPublicKey.swift */ = {isa = PBXFileReference; fileEncoding = 4; lastKnownFileType = sourcecode.swift; path = EthereumPublicKey.swift; sourceTree = "<group>"; };
		EABB3A0629BC8AD80085239C /* EthereumAddress.swift */ = {isa = PBXFileReference; fileEncoding = 4; lastKnownFileType = sourcecode.swift; path = EthereumAddress.swift; sourceTree = "<group>"; };
		EABB3A0729BC8AD80085239C /* EthereumPrivateKey.swift */ = {isa = PBXFileReference; fileEncoding = 4; lastKnownFileType = sourcecode.swift; path = EthereumPrivateKey.swift; sourceTree = "<group>"; };
		EABB3A0829BC8AD80085239C /* EthereumTransaction.swift */ = {isa = PBXFileReference; fileEncoding = 4; lastKnownFileType = sourcecode.swift; path = EthereumTransaction.swift; sourceTree = "<group>"; };
		EABB3A0A29BC8AD80085239C /* Web3Provider.swift */ = {isa = PBXFileReference; fileEncoding = 4; lastKnownFileType = sourcecode.swift; path = Web3Provider.swift; sourceTree = "<group>"; };
		EABB3A0C29BC8AD80085239C /* Web3.swift */ = {isa = PBXFileReference; fileEncoding = 4; lastKnownFileType = sourcecode.swift; path = Web3.swift; sourceTree = "<group>"; };
		EABB3A0E29BC8AD80085239C /* RLPItem.swift */ = {isa = PBXFileReference; fileEncoding = 4; lastKnownFileType = sourcecode.swift; path = RLPItem.swift; sourceTree = "<group>"; };
		EABB3A0F29BC8AD80085239C /* RLPEncoder.swift */ = {isa = PBXFileReference; fileEncoding = 4; lastKnownFileType = sourcecode.swift; path = RLPEncoder.swift; sourceTree = "<group>"; };
		EABB3A1029BC8AD80085239C /* RLPItemConvertible.swift */ = {isa = PBXFileReference; fileEncoding = 4; lastKnownFileType = sourcecode.swift; path = RLPItemConvertible.swift; sourceTree = "<group>"; };
		EABB3A1129BC8AD80085239C /* RLPDecoder.swift */ = {isa = PBXFileReference; fileEncoding = 4; lastKnownFileType = sourcecode.swift; path = RLPDecoder.swift; sourceTree = "<group>"; };
		EABB3A1229BC8AD80085239C /* Types+RLPItemConvertible.swift */ = {isa = PBXFileReference; fileEncoding = 4; lastKnownFileType = sourcecode.swift; path = "Types+RLPItemConvertible.swift"; sourceTree = "<group>"; };
		EABB3A1429BC8AD80085239C /* EthereumBlockObject.swift */ = {isa = PBXFileReference; fileEncoding = 4; lastKnownFileType = sourcecode.swift; path = EthereumBlockObject.swift; sourceTree = "<group>"; };
		EABB3A1529BC8AD80085239C /* EthereumTransactionReceiptObject.swift */ = {isa = PBXFileReference; fileEncoding = 4; lastKnownFileType = sourcecode.swift; path = EthereumTransactionReceiptObject.swift; sourceTree = "<group>"; };
		EABB3A1629BC8AD80085239C /* EthereumData.swift */ = {isa = PBXFileReference; fileEncoding = 4; lastKnownFileType = sourcecode.swift; path = EthereumData.swift; sourceTree = "<group>"; };
		EABB3A1729BC8AD80085239C /* RPCRequest.swift */ = {isa = PBXFileReference; fileEncoding = 4; lastKnownFileType = sourcecode.swift; path = RPCRequest.swift; sourceTree = "<group>"; };
		EABB3A1829BC8AD80085239C /* EthereumSyncStatusObject.swift */ = {isa = PBXFileReference; fileEncoding = 4; lastKnownFileType = sourcecode.swift; path = EthereumSyncStatusObject.swift; sourceTree = "<group>"; };
		EABB3A1929BC8AD80085239C /* EthereumValueConvertible.swift */ = {isa = PBXFileReference; fileEncoding = 4; lastKnownFileType = sourcecode.swift; path = EthereumValueConvertible.swift; sourceTree = "<group>"; };
		EABB3A1A29BC8AD80085239C /* EthereumQuantity.swift */ = {isa = PBXFileReference; fileEncoding = 4; lastKnownFileType = sourcecode.swift; path = EthereumQuantity.swift; sourceTree = "<group>"; };
		EABB3A1B29BC8AD80085239C /* EthereumTransactionObject.swift */ = {isa = PBXFileReference; fileEncoding = 4; lastKnownFileType = sourcecode.swift; path = EthereumTransactionObject.swift; sourceTree = "<group>"; };
		EABB3A1C29BC8AD80085239C /* EthereumValue.swift */ = {isa = PBXFileReference; fileEncoding = 4; lastKnownFileType = sourcecode.swift; path = EthereumValue.swift; sourceTree = "<group>"; };
		EABB3A1D29BC8AD80085239C /* RPCResponse.swift */ = {isa = PBXFileReference; fileEncoding = 4; lastKnownFileType = sourcecode.swift; path = RPCResponse.swift; sourceTree = "<group>"; };
		EABB3A1E29BC8AD80085239C /* EthereumCall.swift */ = {isa = PBXFileReference; fileEncoding = 4; lastKnownFileType = sourcecode.swift; path = EthereumCall.swift; sourceTree = "<group>"; };
		EABB3A1F29BC8AD80085239C /* EthereumQuantityTag.swift */ = {isa = PBXFileReference; fileEncoding = 4; lastKnownFileType = sourcecode.swift; path = EthereumQuantityTag.swift; sourceTree = "<group>"; };
		EABB3A2029BC8AD80085239C /* Types+EthereumValueConvertible.swift */ = {isa = PBXFileReference; fileEncoding = 4; lastKnownFileType = sourcecode.swift; path = "Types+EthereumValueConvertible.swift"; sourceTree = "<group>"; };
		EABB3A2129BC8AD80085239C /* EthereumLogObject.swift */ = {isa = PBXFileReference; fileEncoding = 4; lastKnownFileType = sourcecode.swift; path = EthereumLogObject.swift; sourceTree = "<group>"; };
		EABB3A2329BC8AD80085239C /* String+BytesConvertible.swift */ = {isa = PBXFileReference; fileEncoding = 4; lastKnownFileType = sourcecode.swift; path = "String+BytesConvertible.swift"; sourceTree = "<group>"; };
		EABB3A2429BC8AD80085239C /* Bytes+HexString.swift */ = {isa = PBXFileReference; fileEncoding = 4; lastKnownFileType = sourcecode.swift; path = "Bytes+HexString.swift"; sourceTree = "<group>"; };
		EABB3A2529BC8AD80085239C /* UInt+BytesRepresentable.swift */ = {isa = PBXFileReference; fileEncoding = 4; lastKnownFileType = sourcecode.swift; path = "UInt+BytesRepresentable.swift"; sourceTree = "<group>"; };
		EABB3A2629BC8AD80085239C /* Bytes+TrimLeadingZeros.swift */ = {isa = PBXFileReference; fileEncoding = 4; lastKnownFileType = sourcecode.swift; path = "Bytes+TrimLeadingZeros.swift"; sourceTree = "<group>"; };
		EABB3A2729BC8AD80085239C /* Bytes+SecureRandom.swift */ = {isa = PBXFileReference; fileEncoding = 4; lastKnownFileType = sourcecode.swift; path = "Bytes+SecureRandom.swift"; sourceTree = "<group>"; };
		EABB3A2829BC8AD80085239C /* String+HexBytes.swift */ = {isa = PBXFileReference; fileEncoding = 4; lastKnownFileType = sourcecode.swift; path = "String+HexBytes.swift"; sourceTree = "<group>"; };
		EABB3A2929BC8AD80085239C /* BytesConvertible.swift */ = {isa = PBXFileReference; fileEncoding = 4; lastKnownFileType = sourcecode.swift; path = BytesConvertible.swift; sourceTree = "<group>"; };
		EABB3A2A29BC8AD80085239C /* String+Conversion.swift */ = {isa = PBXFileReference; fileEncoding = 4; lastKnownFileType = sourcecode.swift; path = "String+Conversion.swift"; sourceTree = "<group>"; };
		EABB3A2B29BC8AD80085239C /* Data+BytesConvertible.swift */ = {isa = PBXFileReference; fileEncoding = 4; lastKnownFileType = sourcecode.swift; path = "Data+BytesConvertible.swift"; sourceTree = "<group>"; };
		EABB3A2C29BC8AD80085239C /* CharacterSet+Hex.swift */ = {isa = PBXFileReference; fileEncoding = 4; lastKnownFileType = sourcecode.swift; path = "CharacterSet+Hex.swift"; sourceTree = "<group>"; };
		EABB3A2D29BC8AD80085239C /* BigUInt+BytesConvertible.swift */ = {isa = PBXFileReference; fileEncoding = 4; lastKnownFileType = sourcecode.swift; path = "BigUInt+BytesConvertible.swift"; sourceTree = "<group>"; };
		EABB3A2E29BC8AD80085239C /* Bytes+UInt.swift */ = {isa = PBXFileReference; fileEncoding = 4; lastKnownFileType = sourcecode.swift; path = "Bytes+UInt.swift"; sourceTree = "<group>"; };
		EABB3A2F29BC8AD80085239C /* Exports+Web3.swift */ = {isa = PBXFileReference; fileEncoding = 4; lastKnownFileType = sourcecode.swift; path = "Exports+Web3.swift"; sourceTree = "<group>"; };
		EABB3A3029BC8AD80085239C /* Int+ETH.swift */ = {isa = PBXFileReference; fileEncoding = 4; lastKnownFileType = sourcecode.swift; path = "Int+ETH.swift"; sourceTree = "<group>"; };
		EABB3A3129BC8AD80085239C /* UnsignedInteger+BytesConvertible.swift */ = {isa = PBXFileReference; fileEncoding = 4; lastKnownFileType = sourcecode.swift; path = "UnsignedInteger+BytesConvertible.swift"; sourceTree = "<group>"; };
		EABB3A3229BC8AD80085239C /* Secp256k1+CTXCreator.swift */ = {isa = PBXFileReference; fileEncoding = 4; lastKnownFileType = sourcecode.swift; path = "Secp256k1+CTXCreator.swift"; sourceTree = "<group>"; };
		EABB3A3329BC8AD80085239C /* UnsignedInteger+Shifting.swift */ = {isa = PBXFileReference; fileEncoding = 4; lastKnownFileType = sourcecode.swift; path = "UnsignedInteger+Shifting.swift"; sourceTree = "<group>"; };
		EABB3A3629BC8AD80085239C /* Eth+Contract.swift */ = {isa = PBXFileReference; fileEncoding = 4; lastKnownFileType = sourcecode.swift; path = "Eth+Contract.swift"; sourceTree = "<group>"; };
		EABB3A3729BC8AD80085239C /* SolidityEvent.swift */ = {isa = PBXFileReference; fileEncoding = 4; lastKnownFileType = sourcecode.swift; path = SolidityEvent.swift; sourceTree = "<group>"; };
		EABB3A3829BC8AD80085239C /* ABIObject.swift */ = {isa = PBXFileReference; fileEncoding = 4; lastKnownFileType = sourcecode.swift; path = ABIObject.swift; sourceTree = "<group>"; };
		EABB3A3929BC8AD80085239C /* ERC20.swift */ = {isa = PBXFileReference; fileEncoding = 4; lastKnownFileType = sourcecode.swift; path = ERC20.swift; sourceTree = "<group>"; };
		EABB3A3A29BC8AD80085239C /* ERC721.swift */ = {isa = PBXFileReference; fileEncoding = 4; lastKnownFileType = sourcecode.swift; path = ERC721.swift; sourceTree = "<group>"; };
		EABB3A3B29BC8AD80085239C /* ERC165.swift */ = {isa = PBXFileReference; fileEncoding = 4; lastKnownFileType = sourcecode.swift; path = ERC165.swift; sourceTree = "<group>"; };
		EABB3A3C29BC8AD80085239C /* ContractPromiseExtensions.swift */ = {isa = PBXFileReference; fileEncoding = 4; lastKnownFileType = sourcecode.swift; path = ContractPromiseExtensions.swift; sourceTree = "<group>"; };
		EABB3A3D29BC8AD80085239C /* SolidityFunction.swift */ = {isa = PBXFileReference; fileEncoding = 4; lastKnownFileType = sourcecode.swift; path = SolidityFunction.swift; sourceTree = "<group>"; };
		EABB3A3E29BC8AD80085239C /* EthereumContract.swift */ = {isa = PBXFileReference; fileEncoding = 4; lastKnownFileType = sourcecode.swift; path = EthereumContract.swift; sourceTree = "<group>"; };
		EABB3A3F29BC8AD80085239C /* SolidityInvocation.swift */ = {isa = PBXFileReference; fileEncoding = 4; lastKnownFileType = sourcecode.swift; path = SolidityInvocation.swift; sourceTree = "<group>"; };
		EABB3A4129BC8AD80085239C /* Eth+ABI.swift */ = {isa = PBXFileReference; fileEncoding = 4; lastKnownFileType = sourcecode.swift; path = "Eth+ABI.swift"; sourceTree = "<group>"; };
		EABB3A4229BC8AD80085239C /* ABIEncoder.swift */ = {isa = PBXFileReference; fileEncoding = 4; lastKnownFileType = sourcecode.swift; path = ABIEncoder.swift; sourceTree = "<group>"; };
		EABB3A4329BC8AD80085239C /* ABIDecoder.swift */ = {isa = PBXFileReference; fileEncoding = 4; lastKnownFileType = sourcecode.swift; path = ABIDecoder.swift; sourceTree = "<group>"; };
		EABB3A4429BC8AD80085239C /* SolidityType.swift */ = {isa = PBXFileReference; fileEncoding = 4; lastKnownFileType = sourcecode.swift; path = SolidityType.swift; sourceTree = "<group>"; };
		EABB3A4529BC8AD80085239C /* SolidityType+Codable.swift */ = {isa = PBXFileReference; fileEncoding = 4; lastKnownFileType = sourcecode.swift; path = "SolidityType+Codable.swift"; sourceTree = "<group>"; };
		EABB3A4629BC8AD80085239C /* SolidityWrappedValue.swift */ = {isa = PBXFileReference; fileEncoding = 4; lastKnownFileType = sourcecode.swift; path = SolidityWrappedValue.swift; sourceTree = "<group>"; };
		EABB3A4729BC8AD80085239C /* ABI.swift */ = {isa = PBXFileReference; fileEncoding = 4; lastKnownFileType = sourcecode.swift; path = ABI.swift; sourceTree = "<group>"; };
		EABB3A4829BC8AD80085239C /* SolidityTuple.swift */ = {isa = PBXFileReference; fileEncoding = 4; lastKnownFileType = sourcecode.swift; path = SolidityTuple.swift; sourceTree = "<group>"; };
		EABB3A4929BC8AD80085239C /* ABIConvertible.swift */ = {isa = PBXFileReference; fileEncoding = 4; lastKnownFileType = sourcecode.swift; path = ABIConvertible.swift; sourceTree = "<group>"; };
		EABB3A4B29BC8AD80085239C /* Web3+HTTPInitializer.swift */ = {isa = PBXFileReference; fileEncoding = 4; lastKnownFileType = sourcecode.swift; path = "Web3+HTTPInitializer.swift"; sourceTree = "<group>"; };
		EABB3A4C29BC8AD80085239C /* Web3HttpProvider.swift */ = {isa = PBXFileReference; fileEncoding = 4; lastKnownFileType = sourcecode.swift; path = Web3HttpProvider.swift; sourceTree = "<group>"; };
/* End PBXFileReference section */

/* Begin PBXFrameworksBuildPhase section */
		EABB39E129BC8ABF0085239C /* Frameworks */ = {
			isa = PBXFrameworksBuildPhase;
			buildActionMask = 2147483647;
			files = (
				EABB3A9129BC8AF60085239C /* BigInt in Frameworks */,
				EABB3A9A29BC8B4F0085239C /* PromiseKit in Frameworks */,
				EABB3A9729BC8B1C0085239C /* secp256k1 in Frameworks */,
				EABB3A9429BC8B080085239C /* CryptoSwift in Frameworks */,
			);
			runOnlyForDeploymentPostprocessing = 0;
		};
		EABB39EB29BC8ABF0085239C /* Frameworks */ = {
			isa = PBXFrameworksBuildPhase;
			buildActionMask = 2147483647;
			files = (
				EABB39EF29BC8ABF0085239C /* WCWeb3.framework in Frameworks */,
			);
			runOnlyForDeploymentPostprocessing = 0;
		};
/* End PBXFrameworksBuildPhase section */

/* Begin PBXGroup section */
		EABB39DA29BC8ABF0085239C = {
			isa = PBXGroup;
			children = (
				EABB39E629BC8ABF0085239C /* WCWeb3 */,
				EABB39F229BC8ABF0085239C /* WCWeb3Tests */,
				EABB39E529BC8ABF0085239C /* Products */,
			);
			sourceTree = "<group>";
		};
		EABB39E529BC8ABF0085239C /* Products */ = {
			isa = PBXGroup;
			children = (
				EABB39E429BC8ABF0085239C /* WCWeb3.framework */,
				EABB39EE29BC8ABF0085239C /* WCWeb3Tests.xctest */,
			);
			name = Products;
			sourceTree = "<group>";
		};
		EABB39E629BC8ABF0085239C /* WCWeb3 */ = {
			isa = PBXGroup;
			children = (
				EABB39FE29BC8AD80085239C /* Sources */,
				EABB39E729BC8ABF0085239C /* WCWeb3.h */,
				EABB39E829BC8ABF0085239C /* WCWeb3.docc */,
			);
			path = WCWeb3;
			sourceTree = "<group>";
		};
		EABB39F229BC8ABF0085239C /* WCWeb3Tests */ = {
			isa = PBXGroup;
			children = (
				EABB39F329BC8ABF0085239C /* WCWeb3Tests.swift */,
			);
			path = WCWeb3Tests;
			sourceTree = "<group>";
		};
		EABB39FE29BC8AD80085239C /* Sources */ = {
			isa = PBXGroup;
			children = (
				EABB39FF29BC8AD80085239C /* PromiseKit */,
				EABB3A0329BC8AD80085239C /* Core */,
				EABB3A3429BC8AD80085239C /* ContractABI */,
				EABB3A4A29BC8AD80085239C /* FoundationHTTP */,
			);
			path = Sources;
			sourceTree = "<group>";
		};
		EABB39FF29BC8AD80085239C /* PromiseKit */ = {
			isa = PBXGroup;
			children = (
				EABB3A0029BC8AD80085239C /* Web3+PromiseKit.swift */,
				EABB3A0129BC8AD80085239C /* Exports+PromiseKit.swift */,
				EABB3A0229BC8AD80085239C /* Promisable.swift */,
			);
			path = PromiseKit;
			sourceTree = "<group>";
		};
		EABB3A0329BC8AD80085239C /* Core */ = {
			isa = PBXGroup;
			children = (
				EABB3A0429BC8AD80085239C /* Transaction */,
				EABB3A0929BC8AD80085239C /* Providers */,
				EABB3A0B29BC8AD80085239C /* Web3 */,
				EABB3A0D29BC8AD80085239C /* RLP */,
				EABB3A1329BC8AD80085239C /* Json */,
				EABB3A2229BC8AD80085239C /* Toolbox */,
			);
			path = Core;
			sourceTree = "<group>";
		};
		EABB3A0429BC8AD80085239C /* Transaction */ = {
			isa = PBXGroup;
			children = (
				EABB3A0529BC8AD80085239C /* EthereumPublicKey.swift */,
				EABB3A0629BC8AD80085239C /* EthereumAddress.swift */,
				EABB3A0729BC8AD80085239C /* EthereumPrivateKey.swift */,
				EABB3A0829BC8AD80085239C /* EthereumTransaction.swift */,
			);
			path = Transaction;
			sourceTree = "<group>";
		};
		EABB3A0929BC8AD80085239C /* Providers */ = {
			isa = PBXGroup;
			children = (
				EABB3A0A29BC8AD80085239C /* Web3Provider.swift */,
			);
			path = Providers;
			sourceTree = "<group>";
		};
		EABB3A0B29BC8AD80085239C /* Web3 */ = {
			isa = PBXGroup;
			children = (
				EABB3A0C29BC8AD80085239C /* Web3.swift */,
			);
			path = Web3;
			sourceTree = "<group>";
		};
		EABB3A0D29BC8AD80085239C /* RLP */ = {
			isa = PBXGroup;
			children = (
				EABB3A0E29BC8AD80085239C /* RLPItem.swift */,
				EABB3A0F29BC8AD80085239C /* RLPEncoder.swift */,
				EABB3A1029BC8AD80085239C /* RLPItemConvertible.swift */,
				EABB3A1129BC8AD80085239C /* RLPDecoder.swift */,
				EABB3A1229BC8AD80085239C /* Types+RLPItemConvertible.swift */,
			);
			path = RLP;
			sourceTree = "<group>";
		};
		EABB3A1329BC8AD80085239C /* Json */ = {
			isa = PBXGroup;
			children = (
				EABB3A1429BC8AD80085239C /* EthereumBlockObject.swift */,
				EABB3A1529BC8AD80085239C /* EthereumTransactionReceiptObject.swift */,
				EABB3A1629BC8AD80085239C /* EthereumData.swift */,
				EABB3A1729BC8AD80085239C /* RPCRequest.swift */,
				EABB3A1829BC8AD80085239C /* EthereumSyncStatusObject.swift */,
				EABB3A1929BC8AD80085239C /* EthereumValueConvertible.swift */,
				EABB3A1A29BC8AD80085239C /* EthereumQuantity.swift */,
				EABB3A1B29BC8AD80085239C /* EthereumTransactionObject.swift */,
				EABB3A1C29BC8AD80085239C /* EthereumValue.swift */,
				EABB3A1D29BC8AD80085239C /* RPCResponse.swift */,
				EABB3A1E29BC8AD80085239C /* EthereumCall.swift */,
				EABB3A1F29BC8AD80085239C /* EthereumQuantityTag.swift */,
				EABB3A2029BC8AD80085239C /* Types+EthereumValueConvertible.swift */,
				EABB3A2129BC8AD80085239C /* EthereumLogObject.swift */,
			);
			path = Json;
			sourceTree = "<group>";
		};
		EABB3A2229BC8AD80085239C /* Toolbox */ = {
			isa = PBXGroup;
			children = (
				EABB3A2329BC8AD80085239C /* String+BytesConvertible.swift */,
				EABB3A2429BC8AD80085239C /* Bytes+HexString.swift */,
				EABB3A2529BC8AD80085239C /* UInt+BytesRepresentable.swift */,
				EABB3A2629BC8AD80085239C /* Bytes+TrimLeadingZeros.swift */,
				EABB3A2729BC8AD80085239C /* Bytes+SecureRandom.swift */,
				EABB3A2829BC8AD80085239C /* String+HexBytes.swift */,
				EABB3A2929BC8AD80085239C /* BytesConvertible.swift */,
				EABB3A2A29BC8AD80085239C /* String+Conversion.swift */,
				EABB3A2B29BC8AD80085239C /* Data+BytesConvertible.swift */,
				EABB3A2C29BC8AD80085239C /* CharacterSet+Hex.swift */,
				EABB3A2D29BC8AD80085239C /* BigUInt+BytesConvertible.swift */,
				EABB3A2E29BC8AD80085239C /* Bytes+UInt.swift */,
				EABB3A2F29BC8AD80085239C /* Exports+Web3.swift */,
				EABB3A3029BC8AD80085239C /* Int+ETH.swift */,
				EABB3A3129BC8AD80085239C /* UnsignedInteger+BytesConvertible.swift */,
				EABB3A3229BC8AD80085239C /* Secp256k1+CTXCreator.swift */,
				EABB3A3329BC8AD80085239C /* UnsignedInteger+Shifting.swift */,
			);
			path = Toolbox;
			sourceTree = "<group>";
		};
		EABB3A3429BC8AD80085239C /* ContractABI */ = {
			isa = PBXGroup;
			children = (
				EABB3A3529BC8AD80085239C /* Contract */,
				EABB3A4029BC8AD80085239C /* ABI */,
			);
			path = ContractABI;
			sourceTree = "<group>";
		};
		EABB3A3529BC8AD80085239C /* Contract */ = {
			isa = PBXGroup;
			children = (
				EABB3A3629BC8AD80085239C /* Eth+Contract.swift */,
				EABB3A3729BC8AD80085239C /* SolidityEvent.swift */,
				EABB3A3829BC8AD80085239C /* ABIObject.swift */,
				EABB3A3929BC8AD80085239C /* ERC20.swift */,
				EABB3A3A29BC8AD80085239C /* ERC721.swift */,
				EABB3A3B29BC8AD80085239C /* ERC165.swift */,
				EABB3A3C29BC8AD80085239C /* ContractPromiseExtensions.swift */,
				EABB3A3D29BC8AD80085239C /* SolidityFunction.swift */,
				EABB3A3E29BC8AD80085239C /* EthereumContract.swift */,
				EABB3A3F29BC8AD80085239C /* SolidityInvocation.swift */,
			);
			path = Contract;
			sourceTree = "<group>";
		};
		EABB3A4029BC8AD80085239C /* ABI */ = {
			isa = PBXGroup;
			children = (
				EABB3A4129BC8AD80085239C /* Eth+ABI.swift */,
				EABB3A4229BC8AD80085239C /* ABIEncoder.swift */,
				EABB3A4329BC8AD80085239C /* ABIDecoder.swift */,
				EABB3A4429BC8AD80085239C /* SolidityType.swift */,
				EABB3A4529BC8AD80085239C /* SolidityType+Codable.swift */,
				EABB3A4629BC8AD80085239C /* SolidityWrappedValue.swift */,
				EABB3A4729BC8AD80085239C /* ABI.swift */,
				EABB3A4829BC8AD80085239C /* SolidityTuple.swift */,
				EABB3A4929BC8AD80085239C /* ABIConvertible.swift */,
			);
			path = ABI;
			sourceTree = "<group>";
		};
		EABB3A4A29BC8AD80085239C /* FoundationHTTP */ = {
			isa = PBXGroup;
			children = (
				EABB3A4B29BC8AD80085239C /* Web3+HTTPInitializer.swift */,
				EABB3A4C29BC8AD80085239C /* Web3HttpProvider.swift */,
			);
			path = FoundationHTTP;
			sourceTree = "<group>";
		};
/* End PBXGroup section */

/* Begin PBXHeadersBuildPhase section */
		EABB39DF29BC8ABF0085239C /* Headers */ = {
			isa = PBXHeadersBuildPhase;
			buildActionMask = 2147483647;
			files = (
				EABB39F529BC8ABF0085239C /* WCWeb3.h in Headers */,
			);
			runOnlyForDeploymentPostprocessing = 0;
		};
/* End PBXHeadersBuildPhase section */

/* Begin PBXNativeTarget section */
		EABB39E329BC8ABF0085239C /* WCWeb3 */ = {
			isa = PBXNativeTarget;
			buildConfigurationList = EABB39F829BC8ABF0085239C /* Build configuration list for PBXNativeTarget "WCWeb3" */;
			buildPhases = (
				EABB39DF29BC8ABF0085239C /* Headers */,
				EABB39E029BC8ABF0085239C /* Sources */,
				EABB39E129BC8ABF0085239C /* Frameworks */,
				EABB39E229BC8ABF0085239C /* Resources */,
			);
			buildRules = (
			);
			dependencies = (
			);
			name = WCWeb3;
			packageProductDependencies = (
				EABB3A9029BC8AF60085239C /* BigInt */,
				EABB3A9329BC8B080085239C /* CryptoSwift */,
				EABB3A9629BC8B1C0085239C /* secp256k1 */,
				EABB3A9929BC8B4F0085239C /* PromiseKit */,
			);
			productName = WCWeb3;
			productReference = EABB39E429BC8ABF0085239C /* WCWeb3.framework */;
			productType = "com.apple.product-type.framework";
		};
		EABB39ED29BC8ABF0085239C /* WCWeb3Tests */ = {
			isa = PBXNativeTarget;
			buildConfigurationList = EABB39FB29BC8ABF0085239C /* Build configuration list for PBXNativeTarget "WCWeb3Tests" */;
			buildPhases = (
				EABB39EA29BC8ABF0085239C /* Sources */,
				EABB39EB29BC8ABF0085239C /* Frameworks */,
				EABB39EC29BC8ABF0085239C /* Resources */,
			);
			buildRules = (
			);
			dependencies = (
				EABB39F129BC8ABF0085239C /* PBXTargetDependency */,
			);
			name = WCWeb3Tests;
			productName = WCWeb3Tests;
			productReference = EABB39EE29BC8ABF0085239C /* WCWeb3Tests.xctest */;
			productType = "com.apple.product-type.bundle.unit-test";
		};
/* End PBXNativeTarget section */

/* Begin PBXProject section */
		EABB39DB29BC8ABF0085239C /* Project object */ = {
			isa = PBXProject;
			attributes = {
				BuildIndependentTargetsInParallel = 1;
				LastSwiftUpdateCheck = 1420;
				LastUpgradeCheck = 1420;
				TargetAttributes = {
					EABB39E329BC8ABF0085239C = {
						CreatedOnToolsVersion = 14.2;
					};
					EABB39ED29BC8ABF0085239C = {
						CreatedOnToolsVersion = 14.2;
					};
				};
			};
			buildConfigurationList = EABB39DE29BC8ABF0085239C /* Build configuration list for PBXProject "WCWeb3" */;
			compatibilityVersion = "Xcode 14.0";
			developmentRegion = en;
			hasScannedForEncodings = 0;
			knownRegions = (
				en,
				Base,
			);
			mainGroup = EABB39DA29BC8ABF0085239C;
			packageReferences = (
				EABB3A8F29BC8AF60085239C /* XCRemoteSwiftPackageReference "BigInt" */,
				EABB3A9229BC8B080085239C /* XCRemoteSwiftPackageReference "CryptoSwift" */,
				EABB3A9529BC8B1C0085239C /* XCRemoteSwiftPackageReference "secp256k1.swift" */,
				EABB3A9829BC8B4F0085239C /* XCRemoteSwiftPackageReference "PromiseKit" */,
			);
			productRefGroup = EABB39E529BC8ABF0085239C /* Products */;
			projectDirPath = "";
			projectRoot = "";
			targets = (
				EABB39E329BC8ABF0085239C /* WCWeb3 */,
				EABB39ED29BC8ABF0085239C /* WCWeb3Tests */,
			);
		};
/* End PBXProject section */

/* Begin PBXResourcesBuildPhase section */
		EABB39E229BC8ABF0085239C /* Resources */ = {
			isa = PBXResourcesBuildPhase;
			buildActionMask = 2147483647;
			files = (
			);
			runOnlyForDeploymentPostprocessing = 0;
		};
		EABB39EC29BC8ABF0085239C /* Resources */ = {
			isa = PBXResourcesBuildPhase;
			buildActionMask = 2147483647;
			files = (
			);
			runOnlyForDeploymentPostprocessing = 0;
		};
/* End PBXResourcesBuildPhase section */

/* Begin PBXSourcesBuildPhase section */
		EABB39E029BC8ABF0085239C /* Sources */ = {
			isa = PBXSourcesBuildPhase;
			buildActionMask = 2147483647;
			files = (
				EABB3A7D29BC8AD90085239C /* ERC20.swift in Sources */,
				EABB3A8029BC8AD90085239C /* ContractPromiseExtensions.swift in Sources */,
				EABB3A6729BC8AD90085239C /* Types+EthereumValueConvertible.swift in Sources */,
				EABB3A6829BC8AD90085239C /* EthereumLogObject.swift in Sources */,
				EABB3A8729BC8AD90085239C /* SolidityType.swift in Sources */,
				EABB3A7429BC8AD90085239C /* Bytes+UInt.swift in Sources */,
				EABB3A8429BC8AD90085239C /* Eth+ABI.swift in Sources */,
				EABB39E929BC8ABF0085239C /* WCWeb3.docc in Sources */,
				EABB3A5329BC8AD90085239C /* EthereumTransaction.swift in Sources */,
				EABB3A8B29BC8AD90085239C /* SolidityTuple.swift in Sources */,
				EABB3A6929BC8AD90085239C /* String+BytesConvertible.swift in Sources */,
				EABB3A6C29BC8AD90085239C /* Bytes+TrimLeadingZeros.swift in Sources */,
				EABB3A7A29BC8AD90085239C /* Eth+Contract.swift in Sources */,
				EABB3A6329BC8AD90085239C /* EthereumValue.swift in Sources */,
				EABB3A5529BC8AD90085239C /* Web3.swift in Sources */,
				EABB3A7829BC8AD90085239C /* Secp256k1+CTXCreator.swift in Sources */,
				EABB3A5229BC8AD90085239C /* EthereumPrivateKey.swift in Sources */,
				EABB3A6F29BC8AD90085239C /* BytesConvertible.swift in Sources */,
				EABB3A5C29BC8AD90085239C /* EthereumTransactionReceiptObject.swift in Sources */,
				EABB3A7029BC8AD90085239C /* String+Conversion.swift in Sources */,
				EABB3A6E29BC8AD90085239C /* String+HexBytes.swift in Sources */,
				EABB3A8829BC8AD90085239C /* SolidityType+Codable.swift in Sources */,
				EABB3A7F29BC8AD90085239C /* ERC165.swift in Sources */,
				EABB3A5029BC8AD90085239C /* EthereumPublicKey.swift in Sources */,
				EABB3A7B29BC8AD90085239C /* SolidityEvent.swift in Sources */,
				EABB3A5B29BC8AD90085239C /* EthereumBlockObject.swift in Sources */,
				EABB3A7629BC8AD90085239C /* Int+ETH.swift in Sources */,
				EABB3A7C29BC8AD90085239C /* ABIObject.swift in Sources */,
				EABB3A8129BC8AD90085239C /* SolidityFunction.swift in Sources */,
				EABB3A6129BC8AD90085239C /* EthereumQuantity.swift in Sources */,
				EABB3A6429BC8AD90085239C /* RPCResponse.swift in Sources */,
				EABB3A6529BC8AD90085239C /* EthereumCall.swift in Sources */,
				EABB3A7E29BC8AD90085239C /* ERC721.swift in Sources */,
				EABB3A7929BC8AD90085239C /* UnsignedInteger+Shifting.swift in Sources */,
				EABB3A4F29BC8AD90085239C /* Promisable.swift in Sources */,
				EABB3A8A29BC8AD90085239C /* ABI.swift in Sources */,
				EABB3A5D29BC8AD90085239C /* EthereumData.swift in Sources */,
				EABB3A7229BC8AD90085239C /* CharacterSet+Hex.swift in Sources */,
				EABB3A6D29BC8AD90085239C /* Bytes+SecureRandom.swift in Sources */,
				EABB3A5829BC8AD90085239C /* RLPItemConvertible.swift in Sources */,
				EABB3A5929BC8AD90085239C /* RLPDecoder.swift in Sources */,
				EABB3A8D29BC8AD90085239C /* Web3+HTTPInitializer.swift in Sources */,
				EABB3A6229BC8AD90085239C /* EthereumTransactionObject.swift in Sources */,
				EABB3A5629BC8AD90085239C /* RLPItem.swift in Sources */,
				EABB3A5F29BC8AD90085239C /* EthereumSyncStatusObject.swift in Sources */,
				EABB3A8929BC8AD90085239C /* SolidityWrappedValue.swift in Sources */,
				EABB3A5A29BC8AD90085239C /* Types+RLPItemConvertible.swift in Sources */,
				EABB3A8629BC8AD90085239C /* ABIDecoder.swift in Sources */,
				EABB3A6B29BC8AD90085239C /* UInt+BytesRepresentable.swift in Sources */,
				EABB3A5129BC8AD90085239C /* EthereumAddress.swift in Sources */,
				EABB3A8529BC8AD90085239C /* ABIEncoder.swift in Sources */,
				EABB3A7129BC8AD90085239C /* Data+BytesConvertible.swift in Sources */,
				EABB3A8E29BC8AD90085239C /* Web3HttpProvider.swift in Sources */,
				EABB3A5429BC8AD90085239C /* Web3Provider.swift in Sources */,
				EABB3A5729BC8AD90085239C /* RLPEncoder.swift in Sources */,
				EABB3A8229BC8AD90085239C /* EthereumContract.swift in Sources */,
				EABB3A8C29BC8AD90085239C /* ABIConvertible.swift in Sources */,
				EABB3A8329BC8AD90085239C /* SolidityInvocation.swift in Sources */,
				EABB3A7729BC8AD90085239C /* UnsignedInteger+BytesConvertible.swift in Sources */,
				EABB3A7529BC8AD90085239C /* Exports+Web3.swift in Sources */,
				EABB3A4D29BC8AD90085239C /* Web3+PromiseKit.swift in Sources */,
				EABB3A7329BC8AD90085239C /* BigUInt+BytesConvertible.swift in Sources */,
				EABB3A6A29BC8AD90085239C /* Bytes+HexString.swift in Sources */,
				EABB3A6629BC8AD90085239C /* EthereumQuantityTag.swift in Sources */,
				EABB3A4E29BC8AD90085239C /* Exports+PromiseKit.swift in Sources */,
				EABB3A5E29BC8AD90085239C /* RPCRequest.swift in Sources */,
				EABB3A6029BC8AD90085239C /* EthereumValueConvertible.swift in Sources */,
			);
			runOnlyForDeploymentPostprocessing = 0;
		};
		EABB39EA29BC8ABF0085239C /* Sources */ = {
			isa = PBXSourcesBuildPhase;
			buildActionMask = 2147483647;
			files = (
				EABB39F429BC8ABF0085239C /* WCWeb3Tests.swift in Sources */,
			);
			runOnlyForDeploymentPostprocessing = 0;
		};
/* End PBXSourcesBuildPhase section */

/* Begin PBXTargetDependency section */
		EABB39F129BC8ABF0085239C /* PBXTargetDependency */ = {
			isa = PBXTargetDependency;
			target = EABB39E329BC8ABF0085239C /* WCWeb3 */;
			targetProxy = EABB39F029BC8ABF0085239C /* PBXContainerItemProxy */;
		};
/* End PBXTargetDependency section */

/* Begin XCBuildConfiguration section */
		EABB39F629BC8ABF0085239C /* Debug */ = {
			isa = XCBuildConfiguration;
			buildSettings = {
				ALWAYS_SEARCH_USER_PATHS = NO;
				CLANG_ANALYZER_NONNULL = YES;
				CLANG_ANALYZER_NUMBER_OBJECT_CONVERSION = YES_AGGRESSIVE;
				CLANG_CXX_LANGUAGE_STANDARD = "gnu++20";
				CLANG_ENABLE_MODULES = YES;
				CLANG_ENABLE_OBJC_ARC = YES;
				CLANG_ENABLE_OBJC_WEAK = YES;
				CLANG_WARN_BLOCK_CAPTURE_AUTORELEASING = YES;
				CLANG_WARN_BOOL_CONVERSION = YES;
				CLANG_WARN_COMMA = YES;
				CLANG_WARN_CONSTANT_CONVERSION = YES;
				CLANG_WARN_DEPRECATED_OBJC_IMPLEMENTATIONS = YES;
				CLANG_WARN_DIRECT_OBJC_ISA_USAGE = YES_ERROR;
				CLANG_WARN_DOCUMENTATION_COMMENTS = YES;
				CLANG_WARN_EMPTY_BODY = YES;
				CLANG_WARN_ENUM_CONVERSION = YES;
				CLANG_WARN_INFINITE_RECURSION = YES;
				CLANG_WARN_INT_CONVERSION = YES;
				CLANG_WARN_NON_LITERAL_NULL_CONVERSION = YES;
				CLANG_WARN_OBJC_IMPLICIT_RETAIN_SELF = YES;
				CLANG_WARN_OBJC_LITERAL_CONVERSION = YES;
				CLANG_WARN_OBJC_ROOT_CLASS = YES_ERROR;
				CLANG_WARN_QUOTED_INCLUDE_IN_FRAMEWORK_HEADER = YES;
				CLANG_WARN_RANGE_LOOP_ANALYSIS = YES;
				CLANG_WARN_STRICT_PROTOTYPES = YES;
				CLANG_WARN_SUSPICIOUS_MOVE = YES;
				CLANG_WARN_UNGUARDED_AVAILABILITY = YES_AGGRESSIVE;
				CLANG_WARN_UNREACHABLE_CODE = YES;
				CLANG_WARN__DUPLICATE_METHOD_MATCH = YES;
				COPY_PHASE_STRIP = NO;
				CURRENT_PROJECT_VERSION = 1;
				DEBUG_INFORMATION_FORMAT = dwarf;
				ENABLE_STRICT_OBJC_MSGSEND = YES;
				ENABLE_TESTABILITY = YES;
				GCC_C_LANGUAGE_STANDARD = gnu11;
				GCC_DYNAMIC_NO_PIC = NO;
				GCC_NO_COMMON_BLOCKS = YES;
				GCC_OPTIMIZATION_LEVEL = 0;
				GCC_PREPROCESSOR_DEFINITIONS = (
					"DEBUG=1",
					"$(inherited)",
				);
				GCC_WARN_64_TO_32_BIT_CONVERSION = YES;
				GCC_WARN_ABOUT_RETURN_TYPE = YES_ERROR;
				GCC_WARN_UNDECLARED_SELECTOR = YES;
				GCC_WARN_UNINITIALIZED_AUTOS = YES_AGGRESSIVE;
				GCC_WARN_UNUSED_FUNCTION = YES;
				GCC_WARN_UNUSED_VARIABLE = YES;
				IPHONEOS_DEPLOYMENT_TARGET = 16.2;
				MTL_ENABLE_DEBUG_INFO = INCLUDE_SOURCE;
				MTL_FAST_MATH = YES;
				ONLY_ACTIVE_ARCH = YES;
				SDKROOT = iphoneos;
				SWIFT_ACTIVE_COMPILATION_CONDITIONS = DEBUG;
				SWIFT_OPTIMIZATION_LEVEL = "-Onone";
				VERSIONING_SYSTEM = "apple-generic";
				VERSION_INFO_PREFIX = "";
			};
			name = Debug;
		};
		EABB39F729BC8ABF0085239C /* Release */ = {
			isa = XCBuildConfiguration;
			buildSettings = {
				ALWAYS_SEARCH_USER_PATHS = NO;
				CLANG_ANALYZER_NONNULL = YES;
				CLANG_ANALYZER_NUMBER_OBJECT_CONVERSION = YES_AGGRESSIVE;
				CLANG_CXX_LANGUAGE_STANDARD = "gnu++20";
				CLANG_ENABLE_MODULES = YES;
				CLANG_ENABLE_OBJC_ARC = YES;
				CLANG_ENABLE_OBJC_WEAK = YES;
				CLANG_WARN_BLOCK_CAPTURE_AUTORELEASING = YES;
				CLANG_WARN_BOOL_CONVERSION = YES;
				CLANG_WARN_COMMA = YES;
				CLANG_WARN_CONSTANT_CONVERSION = YES;
				CLANG_WARN_DEPRECATED_OBJC_IMPLEMENTATIONS = YES;
				CLANG_WARN_DIRECT_OBJC_ISA_USAGE = YES_ERROR;
				CLANG_WARN_DOCUMENTATION_COMMENTS = YES;
				CLANG_WARN_EMPTY_BODY = YES;
				CLANG_WARN_ENUM_CONVERSION = YES;
				CLANG_WARN_INFINITE_RECURSION = YES;
				CLANG_WARN_INT_CONVERSION = YES;
				CLANG_WARN_NON_LITERAL_NULL_CONVERSION = YES;
				CLANG_WARN_OBJC_IMPLICIT_RETAIN_SELF = YES;
				CLANG_WARN_OBJC_LITERAL_CONVERSION = YES;
				CLANG_WARN_OBJC_ROOT_CLASS = YES_ERROR;
				CLANG_WARN_QUOTED_INCLUDE_IN_FRAMEWORK_HEADER = YES;
				CLANG_WARN_RANGE_LOOP_ANALYSIS = YES;
				CLANG_WARN_STRICT_PROTOTYPES = YES;
				CLANG_WARN_SUSPICIOUS_MOVE = YES;
				CLANG_WARN_UNGUARDED_AVAILABILITY = YES_AGGRESSIVE;
				CLANG_WARN_UNREACHABLE_CODE = YES;
				CLANG_WARN__DUPLICATE_METHOD_MATCH = YES;
				COPY_PHASE_STRIP = NO;
				CURRENT_PROJECT_VERSION = 1;
				DEBUG_INFORMATION_FORMAT = "dwarf-with-dsym";
				ENABLE_NS_ASSERTIONS = NO;
				ENABLE_STRICT_OBJC_MSGSEND = YES;
				GCC_C_LANGUAGE_STANDARD = gnu11;
				GCC_NO_COMMON_BLOCKS = YES;
				GCC_WARN_64_TO_32_BIT_CONVERSION = YES;
				GCC_WARN_ABOUT_RETURN_TYPE = YES_ERROR;
				GCC_WARN_UNDECLARED_SELECTOR = YES;
				GCC_WARN_UNINITIALIZED_AUTOS = YES_AGGRESSIVE;
				GCC_WARN_UNUSED_FUNCTION = YES;
				GCC_WARN_UNUSED_VARIABLE = YES;
				IPHONEOS_DEPLOYMENT_TARGET = 16.2;
				MTL_ENABLE_DEBUG_INFO = NO;
				MTL_FAST_MATH = YES;
				SDKROOT = iphoneos;
				SWIFT_COMPILATION_MODE = wholemodule;
				SWIFT_OPTIMIZATION_LEVEL = "-O";
				VALIDATE_PRODUCT = YES;
				VERSIONING_SYSTEM = "apple-generic";
				VERSION_INFO_PREFIX = "";
			};
			name = Release;
		};
		EABB39F929BC8ABF0085239C /* Debug */ = {
			isa = XCBuildConfiguration;
			buildSettings = {
				CODE_SIGN_STYLE = Automatic;
				CURRENT_PROJECT_VERSION = 1;
				DEFINES_MODULE = YES;
				DEVELOPMENT_TEAM = LLWMGH5W3M;
				DYLIB_COMPATIBILITY_VERSION = 1;
				DYLIB_CURRENT_VERSION = 1;
				DYLIB_INSTALL_NAME_BASE = "@rpath";
				GENERATE_INFOPLIST_FILE = YES;
				INFOPLIST_KEY_NSHumanReadableCopyright = "";
				INSTALL_PATH = "$(LOCAL_LIBRARY_DIR)/Frameworks";
				LD_RUNPATH_SEARCH_PATHS = (
					"$(inherited)",
					"@executable_path/Frameworks",
					"@loader_path/Frameworks",
				);
				MARKETING_VERSION = 1.0;
				PRODUCT_BUNDLE_IDENTIFIER = com.calorie.WCWeb3;
				PRODUCT_NAME = "$(TARGET_NAME:c99extidentifier)";
				SKIP_INSTALL = YES;
				SWIFT_EMIT_LOC_STRINGS = YES;
				SWIFT_VERSION = 5.0;
				TARGETED_DEVICE_FAMILY = "1,2";
			};
			name = Debug;
		};
		EABB39FA29BC8ABF0085239C /* Release */ = {
			isa = XCBuildConfiguration;
			buildSettings = {
				CODE_SIGN_STYLE = Automatic;
				CURRENT_PROJECT_VERSION = 1;
				DEFINES_MODULE = YES;
				DEVELOPMENT_TEAM = LLWMGH5W3M;
				DYLIB_COMPATIBILITY_VERSION = 1;
				DYLIB_CURRENT_VERSION = 1;
				DYLIB_INSTALL_NAME_BASE = "@rpath";
				GENERATE_INFOPLIST_FILE = YES;
				INFOPLIST_KEY_NSHumanReadableCopyright = "";
				INSTALL_PATH = "$(LOCAL_LIBRARY_DIR)/Frameworks";
				LD_RUNPATH_SEARCH_PATHS = (
					"$(inherited)",
					"@executable_path/Frameworks",
					"@loader_path/Frameworks",
				);
				MARKETING_VERSION = 1.0;
				PRODUCT_BUNDLE_IDENTIFIER = com.calorie.WCWeb3;
				PRODUCT_NAME = "$(TARGET_NAME:c99extidentifier)";
				SKIP_INSTALL = YES;
				SWIFT_EMIT_LOC_STRINGS = YES;
				SWIFT_VERSION = 5.0;
				TARGETED_DEVICE_FAMILY = "1,2";
			};
			name = Release;
		};
		EABB39FC29BC8ABF0085239C /* Debug */ = {
			isa = XCBuildConfiguration;
			buildSettings = {
				ALWAYS_EMBED_SWIFT_STANDARD_LIBRARIES = YES;
				CODE_SIGN_STYLE = Automatic;
				CURRENT_PROJECT_VERSION = 1;
				DEVELOPMENT_TEAM = LLWMGH5W3M;
				GENERATE_INFOPLIST_FILE = YES;
				MARKETING_VERSION = 1.0;
				PRODUCT_BUNDLE_IDENTIFIER = com.calorie.WCWeb3Tests;
				PRODUCT_NAME = "$(TARGET_NAME)";
				SWIFT_EMIT_LOC_STRINGS = NO;
				SWIFT_VERSION = 5.0;
				TARGETED_DEVICE_FAMILY = "1,2";
			};
			name = Debug;
		};
		EABB39FD29BC8ABF0085239C /* Release */ = {
			isa = XCBuildConfiguration;
			buildSettings = {
				ALWAYS_EMBED_SWIFT_STANDARD_LIBRARIES = YES;
				CODE_SIGN_STYLE = Automatic;
				CURRENT_PROJECT_VERSION = 1;
				DEVELOPMENT_TEAM = LLWMGH5W3M;
				GENERATE_INFOPLIST_FILE = YES;
				MARKETING_VERSION = 1.0;
				PRODUCT_BUNDLE_IDENTIFIER = com.calorie.WCWeb3Tests;
				PRODUCT_NAME = "$(TARGET_NAME)";
				SWIFT_EMIT_LOC_STRINGS = NO;
				SWIFT_VERSION = 5.0;
				TARGETED_DEVICE_FAMILY = "1,2";
			};
			name = Release;
		};
/* End XCBuildConfiguration section */

/* Begin XCConfigurationList section */
		EABB39DE29BC8ABF0085239C /* Build configuration list for PBXProject "WCWeb3" */ = {
			isa = XCConfigurationList;
			buildConfigurations = (
				EABB39F629BC8ABF0085239C /* Debug */,
				EABB39F729BC8ABF0085239C /* Release */,
			);
			defaultConfigurationIsVisible = 0;
			defaultConfigurationName = Release;
		};
		EABB39F829BC8ABF0085239C /* Build configuration list for PBXNativeTarget "WCWeb3" */ = {
			isa = XCConfigurationList;
			buildConfigurations = (
				EABB39F929BC8ABF0085239C /* Debug */,
				EABB39FA29BC8ABF0085239C /* Release */,
			);
			defaultConfigurationIsVisible = 0;
			defaultConfigurationName = Release;
		};
		EABB39FB29BC8ABF0085239C /* Build configuration list for PBXNativeTarget "WCWeb3Tests" */ = {
			isa = XCConfigurationList;
			buildConfigurations = (
				EABB39FC29BC8ABF0085239C /* Debug */,
				EABB39FD29BC8ABF0085239C /* Release */,
			);
			defaultConfigurationIsVisible = 0;
			defaultConfigurationName = Release;
		};
/* End XCConfigurationList section */

/* Begin XCRemoteSwiftPackageReference section */
		EABB3A8F29BC8AF60085239C /* XCRemoteSwiftPackageReference "BigInt" */ = {
			isa = XCRemoteSwiftPackageReference;
			repositoryURL = "https://github.com/attaswift/BigInt.git";
			requirement = {
				kind = upToNextMajorVersion;
				minimumVersion = 5.0.0;
			};
		};
		EABB3A9229BC8B080085239C /* XCRemoteSwiftPackageReference "CryptoSwift" */ = {
			isa = XCRemoteSwiftPackageReference;
			repositoryURL = "https://github.com/krzyzanowskim/CryptoSwift.git";
			requirement = {
				kind = upToNextMajorVersion;
				minimumVersion = 1.0.0;
			};
		};
		EABB3A9529BC8B1C0085239C /* XCRemoteSwiftPackageReference "secp256k1.swift" */ = {
			isa = XCRemoteSwiftPackageReference;
			repositoryURL = "https://github.com/Boilertalk/secp256k1.swift.git";
			requirement = {
				kind = upToNextMajorVersion;
				minimumVersion = 0.1.7;
			};
		};
		EABB3A9829BC8B4F0085239C /* XCRemoteSwiftPackageReference "PromiseKit" */ = {
			isa = XCRemoteSwiftPackageReference;
			repositoryURL = "https://github.com/mxcl/PromiseKit.git";
			requirement = {
				kind = upToNextMajorVersion;
				minimumVersion = 6.0.0;
			};
		};
/* End XCRemoteSwiftPackageReference section */

/* Begin XCSwiftPackageProductDependency section */
		EABB3A9029BC8AF60085239C /* BigInt */ = {
			isa = XCSwiftPackageProductDependency;
			package = EABB3A8F29BC8AF60085239C /* XCRemoteSwiftPackageReference "BigInt" */;
			productName = BigInt;
		};
		EABB3A9329BC8B080085239C /* CryptoSwift */ = {
			isa = XCSwiftPackageProductDependency;
			package = EABB3A9229BC8B080085239C /* XCRemoteSwiftPackageReference "CryptoSwift" */;
			productName = CryptoSwift;
		};
		EABB3A9629BC8B1C0085239C /* secp256k1 */ = {
			isa = XCSwiftPackageProductDependency;
			package = EABB3A9529BC8B1C0085239C /* XCRemoteSwiftPackageReference "secp256k1.swift" */;
			productName = secp256k1;
		};
		EABB3A9929BC8B4F0085239C /* PromiseKit */ = {
			isa = XCSwiftPackageProductDependency;
			package = EABB3A9829BC8B4F0085239C /* XCRemoteSwiftPackageReference "PromiseKit" */;
			productName = PromiseKit;
		};
/* End XCSwiftPackageProductDependency section */
	};
	rootObject = EABB39DB29BC8ABF0085239C /* Project object */;
}
